<?xml version="1.0" encoding="UTF-8"?>
<Scheme
   version = "1.3">
   <BuildAction>
      <BuildActionEntries>
         <BuildActionEntry
            buildForRunning = "YES">
            <BuildableReference
               BuildableIdentifier = "primary"
               BlueprintIdentifier = "E7E7F1ED2871ECC300401AD3"
               BuildableName = "division_after_drinking.app"
               BlueprintName = "division_after_drinking"
               ReferencedContainer = "container:division_after_drinking.xcodeproj">
            </BuildableReference>
         </BuildActionEntry>
      </BuildActionEntries>
   </BuildAction>
   <LaunchAction
      useCustomWorkingDirectory = "NO"
      buildConfiguration = "Debug"
      allowLocationSimulation = "YES">
      <BuildableProductRunnable>
         <BuildableReference
            BuildableIdentifier = "primary"
            BlueprintIdentifier = "E7E7F1ED2871ECC300401AD3"
            BuildableName = "division_after_drinking.app"
            BlueprintName = "division_after_drinking"
            ReferencedContainer = "container:division_after_drinking.xcodeproj">
         </BuildableReference>
      </BuildableProductRunnable>
   </LaunchAction>
</Scheme>
