// !$*UTF8*$!
{
	archiveVersion = 1;
	classes = {
	};
	objectVersion = 55;
	objects = {

/* Begin PBXBuildFile section */
		DE24533AA8823B72C79F3B24 /* AddOutcomeModalView.swift in Sources */ = {isa = PBXBuildFile; fileRef = DE245FF3E4B7A8065D112BFC /* AddOutcomeModalView.swift */; };
		DE245FB112B86633B0BFF9D8 /* PayerView.swift in Sources */ = {isa = PBXBuildFile; fileRef = DE24548ECAB5C0BFC938A531 /* PayerView.swift */; };
		E7C568CD287AECBF0086B47B /* division_after_drinkingTests.swift in Sources */ = {isa = PBXBuildFile; fileRef = E7C568CC287AECBF0086B47B /* division_after_drinkingTests.swift */; };
		E7C568D5287AEE370086B47B /* calc.swift in Sources */ = {isa = PBXBuildFile; fileRef = E7C568D4287AEE370086B47B /* calc.swift */; };
		E7E7F1F22871ECC300401AD3 /* division_after_drinkingApp.swift in Sources */ = {isa = PBXBuildFile; fileRef = E7E7F1F12871ECC300401AD3 /* division_after_drinkingApp.swift */; };
		E7E7F1F42871ECC300401AD3 /* ContentView.swift in Sources */ = {isa = PBXBuildFile; fileRef = E7E7F1F32871ECC300401AD3 /* ContentView.swift */; };
		E7E7F1F62871ECC400401AD3 /* Assets.xcassets in Resources */ = {isa = PBXBuildFile; fileRef = E7E7F1F52871ECC400401AD3 /* Assets.xcassets */; };
		E7E7F1F92871ECC400401AD3 /* Preview Assets.xcassets in Resources */ = {isa = PBXBuildFile; fileRef = E7E7F1F82871ECC400401AD3 /* Preview Assets.xcassets */; };
		E7E7F2012871F00A00401AD3 /* models.swift in Sources */ = {isa = PBXBuildFile; fileRef = E7E7F2002871F00A00401AD3 /* models.swift */; };
		E7E7F2032871F25300401AD3 /* fack.swift in Sources */ = {isa = PBXBuildFile; fileRef = E7E7F2022871F25300401AD3 /* fack.swift */; };
		E7E7F2062871FCE100401AD3 /* OutcomeView.swift in Sources */ = {isa = PBXBuildFile; fileRef = E7E7F2052871FCE100401AD3 /* OutcomeView.swift */; };
		E7E7F2092871FF1C00401AD3 /* + hex_color.swift in Sources */ = {isa = PBXBuildFile; fileRef = E7E7F2082871FF1C00401AD3 /* + hex_color.swift */; };
		E7E7F20B2872104800401AD3 /* AddPayerModalView.swift in Sources */ = {isa = PBXBuildFile; fileRef = E7E7F20A2872104800401AD3 /* AddPayerModalView.swift */; };
/* End PBXBuildFile section */

/* Begin PBXContainerItemProxy section */
		E7C568CE287AECBF0086B47B /* PBXContainerItemProxy */ = {
			isa = PBXContainerItemProxy;
			containerPortal = E7E7F1E62871ECC300401AD3 /* Project object */;
			proxyType = 1;
			remoteGlobalIDString = E7E7F1ED2871ECC300401AD3;
			remoteInfo = division_after_drinking;
		};
/* End PBXContainerItemProxy section */

/* Begin PBXFileReference section */
		DE24548ECAB5C0BFC938A531 /* PayerView.swift */ = {isa = PBXFileReference; fileEncoding = 4; lastKnownFileType = sourcecode.swift; path = PayerView.swift; sourceTree = "<group>"; };
		DE245FF3E4B7A8065D112BFC /* AddOutcomeModalView.swift */ = {isa = PBXFileReference; fileEncoding = 4; lastKnownFileType = sourcecode.swift; path = AddOutcomeModalView.swift; sourceTree = "<group>"; };
		E7569C4328760CC500E991A0 /* division_after_drinking.entitlements */ = {isa = PBXFileReference; fileEncoding = 4; lastKnownFileType = text.plist.entitlements; path = division_after_drinking.entitlements; sourceTree = "<group>"; };
		E7C568CA287AECBF0086B47B /* division_after_drinkingTests.xctest */ = {isa = PBXFileReference; explicitFileType = wrapper.cfbundle; includeInIndex = 0; path = division_after_drinkingTests.xctest; sourceTree = BUILT_PRODUCTS_DIR; };
		E7C568CC287AECBF0086B47B /* division_after_drinkingTests.swift */ = {isa = PBXFileReference; lastKnownFileType = sourcecode.swift; path = division_after_drinkingTests.swift; sourceTree = "<group>"; };
		E7C568D4287AEE370086B47B /* calc.swift */ = {isa = PBXFileReference; lastKnownFileType = sourcecode.swift; path = calc.swift; sourceTree = "<group>"; };
		E7E7F1EE2871ECC300401AD3 /* division_after_drinking.app */ = {isa = PBXFileReference; explicitFileType = wrapper.application; includeInIndex = 0; path = division_after_drinking.app; sourceTree = BUILT_PRODUCTS_DIR; };
		E7E7F1F12871ECC300401AD3 /* division_after_drinkingApp.swift */ = {isa = PBXFileReference; lastKnownFileType = sourcecode.swift; path = division_after_drinkingApp.swift; sourceTree = "<group>"; };
		E7E7F1F32871ECC300401AD3 /* ContentView.swift */ = {isa = PBXFileReference; lastKnownFileType = sourcecode.swift; path = ContentView.swift; sourceTree = "<group>"; };
		E7E7F1F52871ECC400401AD3 /* Assets.xcassets */ = {isa = PBXFileReference; lastKnownFileType = folder.assetcatalog; path = Assets.xcassets; sourceTree = "<group>"; };
		E7E7F1F82871ECC400401AD3 /* Preview Assets.xcassets */ = {isa = PBXFileReference; lastKnownFileType = folder.assetcatalog; path = "Preview Assets.xcassets"; sourceTree = "<group>"; };
		E7E7F2002871F00A00401AD3 /* models.swift */ = {isa = PBXFileReference; lastKnownFileType = sourcecode.swift; path = models.swift; sourceTree = "<group>"; };
		E7E7F2022871F25300401AD3 /* fack.swift */ = {isa = PBXFileReference; lastKnownFileType = sourcecode.swift; path = fack.swift; sourceTree = "<group>"; };
		E7E7F2052871FCE100401AD3 /* OutcomeView.swift */ = {isa = PBXFileReference; lastKnownFileType = sourcecode.swift; path = OutcomeView.swift; sourceTree = "<group>"; };
		E7E7F2082871FF1C00401AD3 /* + hex_color.swift */ = {isa = PBXFileReference; lastKnownFileType = sourcecode.swift; path = "+ hex_color.swift"; sourceTree = "<group>"; };
		E7E7F20A2872104800401AD3 /* AddPayerModalView.swift */ = {isa = PBXFileReference; lastKnownFileType = sourcecode.swift; path = AddPayerModalView.swift; sourceTree = "<group>"; };
/* End PBXFileReference section */

/* Begin PBXFrameworksBuildPhase section */
		E7C568C7287AECBF0086B47B /* Frameworks */ = {
			isa = PBXFrameworksBuildPhase;
			buildActionMask = 2147483647;
			files = (
			);
			runOnlyForDeploymentPostprocessing = 0;
		};
		E7E7F1EB2871ECC300401AD3 /* Frameworks */ = {
			isa = PBXFrameworksBuildPhase;
			buildActionMask = 2147483647;
			files = (
			);
			runOnlyForDeploymentPostprocessing = 0;
		};
/* End PBXFrameworksBuildPhase section */

/* Begin PBXGroup section */
		E7C568CB287AECBF0086B47B /* division_after_drinkingTests */ = {
			isa = PBXGroup;
			children = (
				E7C568CC287AECBF0086B47B /* division_after_drinkingTests.swift */,
			);
			path = division_after_drinkingTests;
			sourceTree = "<group>";
		};
		E7C568D3287AEE270086B47B /* calc */ = {
			isa = PBXGroup;
			children = (
				E7C568D4287AEE370086B47B /* calc.swift */,
			);
			path = calc;
			sourceTree = "<group>";
		};
		E7E7F1E52871ECC300401AD3 = {
			isa = PBXGroup;
			children = (
				E7E7F1F02871ECC300401AD3 /* division_after_drinking */,
				E7C568CB287AECBF0086B47B /* division_after_drinkingTests */,
				E7E7F1EF2871ECC300401AD3 /* Products */,
			);
			sourceTree = "<group>";
		};
		E7E7F1EF2871ECC300401AD3 /* Products */ = {
			isa = PBXGroup;
			children = (
				E7E7F1EE2871ECC300401AD3 /* division_after_drinking.app */,
				E7C568CA287AECBF0086B47B /* division_after_drinkingTests.xctest */,
			);
			name = Products;
			sourceTree = "<group>";
		};
		E7E7F1F02871ECC300401AD3 /* division_after_drinking */ = {
			isa = PBXGroup;
			children = (
				E7C568D3287AEE270086B47B /* calc */,
				E7569C4328760CC500E991A0 /* division_after_drinking.entitlements */,
				E7E7F2072871FF0A00401AD3 /* extentions */,
				E7E7F2042871FCD200401AD3 /* views */,
				E7E7F1FF2871EFB500401AD3 /* models */,
				E7E7F1F12871ECC300401AD3 /* division_after_drinkingApp.swift */,
				E7E7F1F32871ECC300401AD3 /* ContentView.swift */,
				E7E7F1F52871ECC400401AD3 /* Assets.xcassets */,
				E7E7F1F72871ECC400401AD3 /* Preview Content */,
			);
			path = division_after_drinking;
			sourceTree = "<group>";
		};
		E7E7F1F72871ECC400401AD3 /* Preview Content */ = {
			isa = PBXGroup;
			children = (
				E7E7F1F82871ECC400401AD3 /* Preview Assets.xcassets */,
			);
			path = "Preview Content";
			sourceTree = "<group>";
		};
		E7E7F1FF2871EFB500401AD3 /* models */ = {
			isa = PBXGroup;
			children = (
				E7E7F2002871F00A00401AD3 /* models.swift */,
				E7E7F2022871F25300401AD3 /* fack.swift */,
			);
			path = models;
			sourceTree = "<group>";
		};
		E7E7F2042871FCD200401AD3 /* views */ = {
			isa = PBXGroup;
			children = (
				E7E7F2052871FCE100401AD3 /* OutcomeView.swift */,
				E7E7F20A2872104800401AD3 /* AddPayerModalView.swift */,
				DE245FF3E4B7A8065D112BFC /* AddOutcomeModalView.swift */,
				DE24548ECAB5C0BFC938A531 /* PayerView.swift */,
			);
			path = views;
			sourceTree = "<group>";
		};
		E7E7F2072871FF0A00401AD3 /* extentions */ = {
			isa = PBXGroup;
			children = (
				E7E7F2082871FF1C00401AD3 /* + hex_color.swift */,
			);
			path = extentions;
			sourceTree = "<group>";
		};
/* End PBXGroup section */

/* Begin PBXNativeTarget section */
		E7C568C9287AECBF0086B47B /* division_after_drinkingTests */ = {
			isa = PBXNativeTarget;
			buildConfigurationList = E7C568D2287AECBF0086B47B /* Build configuration list for PBXNativeTarget "division_after_drinkingTests" */;
			buildPhases = (
				E7C568C6287AECBF0086B47B /* Sources */,
				E7C568C7287AECBF0086B47B /* Frameworks */,
				E7C568C8287AECBF0086B47B /* Resources */,
			);
			buildRules = (
			);
			dependencies = (
				E7C568CF287AECBF0086B47B /* PBXTargetDependency */,
			);
			name = division_after_drinkingTests;
			productName = division_after_drinkingTests;
			productReference = E7C568CA287AECBF0086B47B /* division_after_drinkingTests.xctest */;
			productType = "com.apple.product-type.bundle.unit-test";
		};
		E7E7F1ED2871ECC300401AD3 /* division_after_drinking */ = {
			isa = PBXNativeTarget;
			buildConfigurationList = E7E7F1FC2871ECC400401AD3 /* Build configuration list for PBXNativeTarget "division_after_drinking" */;
			buildPhases = (
				E7E7F1EA2871ECC300401AD3 /* Sources */,
				E7E7F1EB2871ECC300401AD3 /* Frameworks */,
				E7E7F1EC2871ECC300401AD3 /* Resources */,
			);
			buildRules = (
			);
			dependencies = (
			);
			name = division_after_drinking;
			productName = division_after_drinking;
			productReference = E7E7F1EE2871ECC300401AD3 /* division_after_drinking.app */;
			productType = "com.apple.product-type.application";
		};
/* End PBXNativeTarget section */

/* Begin PBXProject section */
		E7E7F1E62871ECC300401AD3 /* Project object */ = {
			isa = PBXProject;
			attributes = {
				BuildIndependentTargetsInParallel = 1;
				LastSwiftUpdateCheck = 1340;
				LastUpgradeCheck = 1340;
				TargetAttributes = {
					E7C568C9287AECBF0086B47B = {
						CreatedOnToolsVersion = 13.4.1;
						TestTargetID = E7E7F1ED2871ECC300401AD3;
					};
					E7E7F1ED2871ECC300401AD3 = {
						CreatedOnToolsVersion = 13.4.1;
					};
				};
			};
			buildConfigurationList = E7E7F1E92871ECC300401AD3 /* Build configuration list for PBXProject "division_after_drinking" */;
			compatibilityVersion = "Xcode 13.0";
			developmentRegion = en;
			hasScannedForEncodings = 0;
			knownRegions = (
				en,
				Base,
			);
			mainGroup = E7E7F1E52871ECC300401AD3;
			productRefGroup = E7E7F1EF2871ECC300401AD3 /* Products */;
			projectDirPath = "";
			projectRoot = "";
			targets = (
				E7E7F1ED2871ECC300401AD3 /* division_after_drinking */,
				E7C568C9287AECBF0086B47B /* division_after_drinkingTests */,
			);
		};
/* End PBXProject section */

/* Begin PBXResourcesBuildPhase section */
		E7C568C8287AECBF0086B47B /* Resources */ = {
			isa = PBXResourcesBuildPhase;
			buildActionMask = 2147483647;
			files = (
			);
			runOnlyForDeploymentPostprocessing = 0;
		};
		E7E7F1EC2871ECC300401AD3 /* Resources */ = {
			isa = PBXResourcesBuildPhase;
			buildActionMask = 2147483647;
			files = (
				E7E7F1F92871ECC400401AD3 /* Preview Assets.xcassets in Resources */,
				E7E7F1F62871ECC400401AD3 /* Assets.xcassets in Resources */,
			);
			runOnlyForDeploymentPostprocessing = 0;
		};
/* End PBXResourcesBuildPhase section */

/* Begin PBXSourcesBuildPhase section */
		E7C568C6287AECBF0086B47B /* Sources */ = {
			isa = PBXSourcesBuildPhase;
			buildActionMask = 2147483647;
			files = (
				E7C568CD287AECBF0086B47B /* division_after_drinkingTests.swift in Sources */,
			);
			runOnlyForDeploymentPostprocessing = 0;
		};
		E7E7F1EA2871ECC300401AD3 /* Sources */ = {
			isa = PBXSourcesBuildPhase;
			buildActionMask = 2147483647;
			files = (
				E7E7F2062871FCE100401AD3 /* OutcomeView.swift in Sources */,
				E7E7F1F42871ECC300401AD3 /* ContentView.swift in Sources */,
				E7E7F2092871FF1C00401AD3 /* + hex_color.swift in Sources */,
				E7E7F1F22871ECC300401AD3 /* division_after_drinkingApp.swift in Sources */,
				E7C568D5287AEE370086B47B /* calc.swift in Sources */,
				E7E7F20B2872104800401AD3 /* AddPayerModalView.swift in Sources */,
				E7E7F2032871F25300401AD3 /* fack.swift in Sources */,
				E7E7F2012871F00A00401AD3 /* models.swift in Sources */,
				DE24533AA8823B72C79F3B24 /* AddOutcomeModalView.swift in Sources */,
				DE245FB112B86633B0BFF9D8 /* PayerView.swift in Sources */,
			);
			runOnlyForDeploymentPostprocessing = 0;
		};
/* End PBXSourcesBuildPhase section */

/* Begin PBXTargetDependency section */
		E7C568CF287AECBF0086B47B /* PBXTargetDependency */ = {
			isa = PBXTargetDependency;
			target = E7E7F1ED2871ECC300401AD3 /* division_after_drinking */;
			targetProxy = E7C568CE287AECBF0086B47B /* PBXContainerItemProxy */;
		};
/* End PBXTargetDependency section */

/* Begin XCBuildConfiguration section */
		E7C568D0287AECBF0086B47B /* Debug */ = {
			isa = XCBuildConfiguration;
			buildSettings = {
				BUNDLE_LOADER = "$(TEST_HOST)";
				CODE_SIGN_STYLE = Automatic;
				CURRENT_PROJECT_VERSION = 1;
				DEVELOPMENT_TEAM = 8TTR5JNVPA;
				GENERATE_INFOPLIST_FILE = YES;
				MARKETING_VERSION = 1.0;
				PRODUCT_BUNDLE_IDENTIFIER = "crab.division-after-drinkingTests";
				PRODUCT_NAME = "$(TARGET_NAME)";
				SWIFT_EMIT_LOC_STRINGS = NO;
				SWIFT_VERSION = 5.0;
				TARGETED_DEVICE_FAMILY = "1,2";
				TEST_HOST = "$(BUILT_PRODUCTS_DIR)/division_after_drinking.app/division_after_drinking";
			};
			name = Debug;
		};
		E7C568D1287AECBF0086B47B /* Release */ = {
			isa = XCBuildConfiguration;
			buildSettings = {
				BUNDLE_LOADER = "$(TEST_HOST)";
				CODE_SIGN_STYLE = Automatic;
				CURRENT_PROJECT_VERSION = 1;
				DEVELOPMENT_TEAM = 8TTR5JNVPA;
				GENERATE_INFOPLIST_FILE = YES;
				MARKETING_VERSION = 1.0;
				PRODUCT_BUNDLE_IDENTIFIER = "crab.division-after-drinkingTests";
				PRODUCT_NAME = "$(TARGET_NAME)";
				SWIFT_EMIT_LOC_STRINGS = NO;
				SWIFT_VERSION = 5.0;
				TARGETED_DEVICE_FAMILY = "1,2";
				TEST_HOST = "$(BUILT_PRODUCTS_DIR)/division_after_drinking.app/division_after_drinking";
			};
			name = Release;
		};
		E7E7F1FA2871ECC400401AD3 /* Debug */ = {
			isa = XCBuildConfiguration;
			buildSettings = {
				ALWAYS_SEARCH_USER_PATHS = NO;
				CLANG_ANALYZER_NONNULL = YES;
				CLANG_ANALYZER_NUMBER_OBJECT_CONVERSION = YES_AGGRESSIVE;
				CLANG_CXX_LANGUAGE_STANDARD = "gnu++17";
				CLANG_ENABLE_MODULES = YES;
				CLANG_ENABLE_OBJC_ARC = YES;
				CLANG_ENABLE_OBJC_WEAK = YES;
				CLANG_WARN_BLOCK_CAPTURE_AUTORELEASING = YES;
				CLANG_WARN_BOOL_CONVERSION = YES;
				CLANG_WARN_COMMA = YES;
				CLANG_WARN_CONSTANT_CONVERSION = YES;
				CLANG_WARN_DEPRECATED_OBJC_IMPLEMENTATIONS = YES;
				CLANG_WARN_DIRECT_OBJC_ISA_USAGE = YES_ERROR;
				CLANG_WARN_DOCUMENTATION_COMMENTS = YES;
				CLANG_WARN_EMPTY_BODY = YES;
				CLANG_WARN_ENUM_CONVERSION = YES;
				CLANG_WARN_INFINITE_RECURSION = YES;
				CLANG_WARN_INT_CONVERSION = YES;
				CLANG_WARN_NON_LITERAL_NULL_CONVERSION = YES;
				CLANG_WARN_OBJC_IMPLICIT_RETAIN_SELF = YES;
				CLANG_WARN_OBJC_LITERAL_CONVERSION = YES;
				CLANG_WARN_OBJC_ROOT_CLASS = YES_ERROR;
				CLANG_WARN_QUOTED_INCLUDE_IN_FRAMEWORK_HEADER = YES;
				CLANG_WARN_RANGE_LOOP_ANALYSIS = YES;
				CLANG_WARN_STRICT_PROTOTYPES = YES;
				CLANG_WARN_SUSPICIOUS_MOVE = YES;
				CLANG_WARN_UNGUARDED_AVAILABILITY = YES_AGGRESSIVE;
				CLANG_WARN_UNREACHABLE_CODE = YES;
				CLANG_WARN__DUPLICATE_METHOD_MATCH = YES;
				COPY_PHASE_STRIP = NO;
				DEBUG_INFORMATION_FORMAT = dwarf;
				ENABLE_STRICT_OBJC_MSGSEND = YES;
				ENABLE_TESTABILITY = YES;
				GCC_C_LANGUAGE_STANDARD = gnu11;
				GCC_DYNAMIC_NO_PIC = NO;
				GCC_NO_COMMON_BLOCKS = YES;
				GCC_OPTIMIZATION_LEVEL = 0;
				GCC_PREPROCESSOR_DEFINITIONS = (
					"DEBUG=1",
					"$(inherited)",
				);
				GCC_WARN_64_TO_32_BIT_CONVERSION = YES;
				GCC_WARN_ABOUT_RETURN_TYPE = YES_ERROR;
				GCC_WARN_UNDECLARED_SELECTOR = YES;
				GCC_WARN_UNINITIALIZED_AUTOS = YES_AGGRESSIVE;
				GCC_WARN_UNUSED_FUNCTION = YES;
				GCC_WARN_UNUSED_VARIABLE = YES;
				IPHONEOS_DEPLOYMENT_TARGET = 15.5;
				MTL_ENABLE_DEBUG_INFO = INCLUDE_SOURCE;
				MTL_FAST_MATH = YES;
				ONLY_ACTIVE_ARCH = YES;
				SDKROOT = iphoneos;
				SWIFT_ACTIVE_COMPILATION_CONDITIONS = DEBUG;
				SWIFT_OPTIMIZATION_LEVEL = "-Onone";
			};
			name = Debug;
		};
		E7E7F1FB2871ECC400401AD3 /* Release */ = {
			isa = XCBuildConfiguration;
			buildSettings = {
				ALWAYS_SEARCH_USER_PATHS = NO;
				CLANG_ANALYZER_NONNULL = YES;
				CLANG_ANALYZER_NUMBER_OBJECT_CONVERSION = YES_AGGRESSIVE;
				CLANG_CXX_LANGUAGE_STANDARD = "gnu++17";
				CLANG_ENABLE_MODULES = YES;
				CLANG_ENABLE_OBJC_ARC = YES;
				CLANG_ENABLE_OBJC_WEAK = YES;
				CLANG_WARN_BLOCK_CAPTURE_AUTORELEASING = YES;
				CLANG_WARN_BOOL_CONVERSION = YES;
				CLANG_WARN_COMMA = YES;
				CLANG_WARN_CONSTANT_CONVERSION = YES;
				CLANG_WARN_DEPRECATED_OBJC_IMPLEMENTATIONS = YES;
				CLANG_WARN_DIRECT_OBJC_ISA_USAGE = YES_ERROR;
				CLANG_WARN_DOCUMENTATION_COMMENTS = YES;
				CLANG_WARN_EMPTY_BODY = YES;
				CLANG_WARN_ENUM_CONVERSION = YES;
				CLANG_WARN_INFINITE_RECURSION = YES;
				CLANG_WARN_INT_CONVERSION = YES;
				CLANG_WARN_NON_LITERAL_NULL_CONVERSION = YES;
				CLANG_WARN_OBJC_IMPLICIT_RETAIN_SELF = YES;
				CLANG_WARN_OBJC_LITERAL_CONVERSION = YES;
				CLANG_WARN_OBJC_ROOT_CLASS = YES_ERROR;
				CLANG_WARN_QUOTED_INCLUDE_IN_FRAMEWORK_HEADER = YES;
				CLANG_WARN_RANGE_LOOP_ANALYSIS = YES;
				CLANG_WARN_STRICT_PROTOTYPES = YES;
				CLANG_WARN_SUSPICIOUS_MOVE = YES;
				CLANG_WARN_UNGUARDED_AVAILABILITY = YES_AGGRESSIVE;
				CLANG_WARN_UNREACHABLE_CODE = YES;
				CLANG_WARN__DUPLICATE_METHOD_MATCH = YES;
				COPY_PHASE_STRIP = NO;
				DEBUG_INFORMATION_FORMAT = "dwarf-with-dsym";
				ENABLE_NS_ASSERTIONS = NO;
				ENABLE_STRICT_OBJC_MSGSEND = YES;
				GCC_C_LANGUAGE_STANDARD = gnu11;
				GCC_NO_COMMON_BLOCKS = YES;
				GCC_WARN_64_TO_32_BIT_CONVERSION = YES;
				GCC_WARN_ABOUT_RETURN_TYPE = YES_ERROR;
				GCC_WARN_UNDECLARED_SELECTOR = YES;
				GCC_WARN_UNINITIALIZED_AUTOS = YES_AGGRESSIVE;
				GCC_WARN_UNUSED_FUNCTION = YES;
				GCC_WARN_UNUSED_VARIABLE = YES;
				IPHONEOS_DEPLOYMENT_TARGET = 15.5;
				MTL_ENABLE_DEBUG_INFO = NO;
				MTL_FAST_MATH = YES;
				SDKROOT = iphoneos;
				SWIFT_COMPILATION_MODE = wholemodule;
				SWIFT_OPTIMIZATION_LEVEL = "-O";
				VALIDATE_PRODUCT = YES;
			};
			name = Release;
		};
		E7E7F1FD2871ECC400401AD3 /* Debug */ = {
			isa = XCBuildConfiguration;
			buildSettings = {
				ASSETCATALOG_COMPILER_APPICON_NAME = AppIcon;
				ASSETCATALOG_COMPILER_GLOBAL_ACCENT_COLOR_NAME = AccentColor;
				ASSETCATALOG_COMPILER_INCLUDE_ALL_APPICON_ASSETS = NO;
				CODE_SIGN_ENTITLEMENTS = division_after_drinking/division_after_drinking.entitlements;
				CODE_SIGN_STYLE = Automatic;
				CURRENT_PROJECT_VERSION = 1;
				DEVELOPMENT_ASSET_PATHS = "\"division_after_drinking/Preview Content\"";
				DEVELOPMENT_TEAM = 8TTR5JNVPA;
				ENABLE_PREVIEWS = YES;
				GENERATE_INFOPLIST_FILE = YES;
				INFOPLIST_KEY_UIApplicationSceneManifest_Generation = YES;
				INFOPLIST_KEY_UIApplicationSupportsIndirectInputEvents = YES;
				INFOPLIST_KEY_UILaunchScreen_Generation = YES;
				INFOPLIST_KEY_UISupportedInterfaceOrientations = UIInterfaceOrientationPortrait;
				INFOPLIST_KEY_UISupportedInterfaceOrientations_iPad = "UIInterfaceOrientationLandscapeLeft UIInterfaceOrientationLandscapeRight";
				INFOPLIST_KEY_UISupportedInterfaceOrientations_iPhone = "UIInterfaceOrientationPortrait UIInterfaceOrientationLandscapeLeft UIInterfaceOrientationLandscapeRight";
				LD_RUNPATH_SEARCH_PATHS = (
					"$(inherited)",
					"@executable_path/Frameworks",
				);
				MARKETING_VERSION = 1.0;
				PRODUCT_BUNDLE_IDENTIFIER = "crab.division-after-drinking";
				PRODUCT_NAME = "$(TARGET_NAME)";
				SUPPORTS_MACCATALYST = NO;
				SWIFT_EMIT_LOC_STRINGS = YES;
				SWIFT_VERSION = 5.0;
				TARGETED_DEVICE_FAMILY = 2;
			};
			name = Debug;
		};
		E7E7F1FE2871ECC400401AD3 /* Release */ = {
			isa = XCBuildConfiguration;
			buildSettings = {
				ASSETCATALOG_COMPILER_APPICON_NAME = AppIcon;
				ASSETCATALOG_COMPILER_GLOBAL_ACCENT_COLOR_NAME = AccentColor;
				ASSETCATALOG_COMPILER_INCLUDE_ALL_APPICON_ASSETS = NO;
				CODE_SIGN_ENTITLEMENTS = division_after_drinking/division_after_drinking.entitlements;
				CODE_SIGN_STYLE = Automatic;
				CURRENT_PROJECT_VERSION = 1;
				DEVELOPMENT_ASSET_PATHS = "\"division_after_drinking/Preview Content\"";
				DEVELOPMENT_TEAM = 8TTR5JNVPA;
				ENABLE_PREVIEWS = YES;
				GENERATE_INFOPLIST_FILE = YES;
				INFOPLIST_KEY_UIApplicationSceneManifest_Generation = YES;
				INFOPLIST_KEY_UIApplicationSupportsIndirectInputEvents = YES;
				INFOPLIST_KEY_UILaunchScreen_Generation = YES;
				INFOPLIST_KEY_UISupportedInterfaceOrientations = UIInterfaceOrientationPortrait;
				INFOPLIST_KEY_UISupportedInterfaceOrientations_iPad = "UIInterfaceOrientationLandscapeLeft UIInterfaceOrientationLandscapeRight";
				INFOPLIST_KEY_UISupportedInterfaceOrientations_iPhone = "UIInterfaceOrientationPortrait UIInterfaceOrientationLandscapeLeft UIInterfaceOrientationLandscapeRight";
				LD_RUNPATH_SEARCH_PATHS = (
					"$(inherited)",
					"@executable_path/Frameworks",
				);
				MARKETING_VERSION = 1.0;
				PRODUCT_BUNDLE_IDENTIFIER = "crab.division-after-drinking";
				PRODUCT_NAME = "$(TARGET_NAME)";
				SUPPORTS_MACCATALYST = NO;
				SWIFT_EMIT_LOC_STRINGS = YES;
				SWIFT_VERSION = 5.0;
				TARGETED_DEVICE_FAMILY = 2;
			};
			name = Release;
		};
/* End XCBuildConfiguration section */

/* Begin XCConfigurationList section */
		E7C568D2287AECBF0086B47B /* Build configuration list for PBXNativeTarget "division_after_drinkingTests" */ = {
			isa = XCConfigurationList;
			buildConfigurations = (
				E7C568D0287AECBF0086B47B /* Debug */,
				E7C568D1287AECBF0086B47B /* Release */,
			);
			defaultConfigurationIsVisible = 0;
			defaultConfigurationName = Release;
		};
		E7E7F1E92871ECC300401AD3 /* Build configuration list for PBXProject "division_after_drinking" */ = {
			isa = XCConfigurationList;
			buildConfigurations = (
				E7E7F1FA2871ECC400401AD3 /* Debug */,
				E7E7F1FB2871ECC400401AD3 /* Release */,
			);
			defaultConfigurationIsVisible = 0;
			defaultConfigurationName = Release;
		};
		E7E7F1FC2871ECC400401AD3 /* Build configuration list for PBXNativeTarget "division_after_drinking" */ = {
			isa = XCConfigurationList;
			buildConfigurations = (
				E7E7F1FD2871ECC400401AD3 /* Debug */,
				E7E7F1FE2871ECC400401AD3 /* Release */,
			);
			defaultConfigurationIsVisible = 0;
			defaultConfigurationName = Release;
		};
/* End XCConfigurationList section */
	};
	rootObject = E7E7F1E62871ECC300401AD3 /* Project object */;
}
